
Microsoft Visual Studio Solution File, Format Version 12.00
# Visual Studio Version 17
VisualStudioVersion = 17.1.32328.378
MinimumVisualStudioVersion = 10.0.40219.1
Project("{2150E333-8FDC-42A3-9474-1A3956D46DE8}") = "Services", "Services", "{8BD9CFFD-1FD2-4A96-AC90-6AF38648AD94}"
EndProject
Project("{2150E333-8FDC-42A3-9474-1A3956D46DE8}") = "BuildingBlocks", "BuildingBlocks", "{183EF4DE-E04A-4DB6-B3D9-503C1A440FB3}"
EndProject
Project("{2150E333-8FDC-42A3-9474-1A3956D46DE8}") = "Identity", "Identity", "{E2EFCE5C-6724-40E0-A0F4-E8819D4D4A96}"
EndProject
Project("{2150E333-8FDC-42A3-9474-1A3956D46DE8}") = "tests", "tests", "{6E86AEBE-45A1-43B7-B769-9CC589932978}"
EndProject
Project("{2150E333-8FDC-42A3-9474-1A3956D46DE8}") = "Vault", "Vault", "{FBA4EC06-30BF-499A-AC99-E2AB0F2C09E7}"
EndProject
Project("{2150E333-8FDC-42A3-9474-1A3956D46DE8}") = "tests", "tests", "{617DBF88-D0D9-4E99-985A-26D8C5870543}"
EndProject
Project("{2150E333-8FDC-42A3-9474-1A3956D46DE8}") = "Sync", "Sync", "{9B62D392-DFB2-42B5-A22C-7B63054CC095}"
EndProject
Project("{9A19103F-16F7-4668-BE54-9A1E7A4F7556}") = "Omikron.SharedKernel", "BuildingBlocks\Omikron.SharedKernel\Omikron.SharedKernel.csproj", "{20B2B8B1-16C8-4FE7-9CF8-F43C67AB2AD3}"
EndProject
Project("{9A19103F-16F7-4668-BE54-9A1E7A4F7556}") = "Omikron.SharedKernel.Messaging", "BuildingBlocks\Omikron.SharedKernel.Messaging\Omikron.SharedKernel.Messaging.csproj", "{2C84893F-A4A7-4E02-8B04-1E2EC360423B}"
EndProject
Project("{9A19103F-16F7-4668-BE54-9A1E7A4F7556}") = "Omikron.SharedKernel.Orleans", "BuildingBlocks\Omikron.SharedKernel.Orleans\Omikron.SharedKernel.Orleans.csproj", "{18F96DEF-9222-49F6-8A97-2750F3DB4290}"
EndProject
Project("{9A19103F-16F7-4668-BE54-9A1E7A4F7556}") = "Omikron.IdentityService.UnitTest", "Services\Identity\Omikron.IdentityService.UnitTest\Omikron.IdentityService.UnitTest.csproj", "{37CE1DF7-2A60-4D65-BB16-70245681244D}"
EndProject
Project("{9A19103F-16F7-4668-BE54-9A1E7A4F7556}") = "Omikron.IdentityService", "Services\Identity\Omikron.IdentityService\Omikron.IdentityService.csproj", "{C583852D-9A27-433F-9667-B004C1D7591A}"
EndProject
Project("{9A19103F-16F7-4668-BE54-9A1E7A4F7556}") = "Omikron.VaultService", "Services\Vault\Omikron.VaultService\Omikron.VaultService.csproj", "{7CD41B7B-9C2C-40AF-9DD7-860370A3B233}"
EndProject
Project("{9A19103F-16F7-4668-BE54-9A1E7A4F7556}") = "Omikron.VaultService.UnitTest", "Services\Vault\Omikron.VaultService.UnitTest\Omikron.VaultService.UnitTest.csproj", "{2C9F18E2-DCF7-425F-A90A-179C5029230E}"
EndProject
Project("{9A19103F-16F7-4668-BE54-9A1E7A4F7556}") = "Omikron.Sync", "Services\Sync\Omikron.SyncService.Abstract\Omikron.Sync.csproj", "{053A0350-F33F-4FB4-A93D-C7B02EF680DB}"
EndProject
Project("{9A19103F-16F7-4668-BE54-9A1E7A4F7556}") = "Omikron.Sync.Bud", "Services\Sync\Omikron.Sync.Bud\Omikron.Sync.Bud.csproj", "{8D6FF30E-E2BC-41C3-9720-C391C8B2D0A4}"
EndProject
Project("{9A19103F-16F7-4668-BE54-9A1E7A4F7556}") = "Omikron.Sync.Service", "Services\Sync\Omikron.Sync.Service\Omikron.Sync.Service.csproj", "{7BCE8CC6-236E-43F5-AC64-5E399A67D9E4}"
EndProject
Global
	GlobalSection(SolutionConfigurationPlatforms) = preSolution
		Debug|Any CPU = Debug|Any CPU
		Debug|x86 = Debug|x86
		Release|Any CPU = Release|Any CPU
		Release|x86 = Release|x86
	EndGlobalSection
	GlobalSection(ProjectConfigurationPlatforms) = postSolution
		{20B2B8B1-16C8-4FE7-9CF8-F43C67AB2AD3}.Debug|Any CPU.ActiveCfg = Debug|Any CPU
		{20B2B8B1-16C8-4FE7-9CF8-F43C67AB2AD3}.Debug|Any CPU.Build.0 = Debug|Any CPU
		{20B2B8B1-16C8-4FE7-9CF8-F43C67AB2AD3}.Debug|x86.ActiveCfg = Debug|Any CPU
		{20B2B8B1-16C8-4FE7-9CF8-F43C67AB2AD3}.Debug|x86.Build.0 = Debug|Any CPU
		{20B2B8B1-16C8-4FE7-9CF8-F43C67AB2AD3}.Release|Any CPU.ActiveCfg = Release|Any CPU
		{20B2B8B1-16C8-4FE7-9CF8-F43C67AB2AD3}.Release|Any CPU.Build.0 = Release|Any CPU
		{20B2B8B1-16C8-4FE7-9CF8-F43C67AB2AD3}.Release|x86.ActiveCfg = Release|Any CPU
		{20B2B8B1-16C8-4FE7-9CF8-F43C67AB2AD3}.Release|x86.Build.0 = Release|Any CPU
		{2C84893F-A4A7-4E02-8B04-1E2EC360423B}.Debug|Any CPU.ActiveCfg = Debug|Any CPU
		{2C84893F-A4A7-4E02-8B04-1E2EC360423B}.Debug|Any CPU.Build.0 = Debug|Any CPU
		{2C84893F-A4A7-4E02-8B04-1E2EC360423B}.Debug|x86.ActiveCfg = Debug|Any CPU
		{2C84893F-A4A7-4E02-8B04-1E2EC360423B}.Debug|x86.Build.0 = Debug|Any CPU
		{2C84893F-A4A7-4E02-8B04-1E2EC360423B}.Release|Any CPU.ActiveCfg = Release|Any CPU
		{2C84893F-A4A7-4E02-8B04-1E2EC360423B}.Release|Any CPU.Build.0 = Release|Any CPU
		{2C84893F-A4A7-4E02-8B04-1E2EC360423B}.Release|x86.ActiveCfg = Release|Any CPU
		{2C84893F-A4A7-4E02-8B04-1E2EC360423B}.Release|x86.Build.0 = Release|Any CPU
		{18F96DEF-9222-49F6-8A97-2750F3DB4290}.Debug|Any CPU.ActiveCfg = Debug|Any CPU
		{18F96DEF-9222-49F6-8A97-2750F3DB4290}.Debug|Any CPU.Build.0 = Debug|Any CPU
		{18F96DEF-9222-49F6-8A97-2750F3DB4290}.Debug|x86.ActiveCfg = Debug|Any CPU
		{18F96DEF-9222-49F6-8A97-2750F3DB4290}.Debug|x86.Build.0 = Debug|Any CPU
		{18F96DEF-9222-49F6-8A97-2750F3DB4290}.Release|Any CPU.ActiveCfg = Release|Any CPU
		{18F96DEF-9222-49F6-8A97-2750F3DB4290}.Release|Any CPU.Build.0 = Release|Any CPU
		{18F96DEF-9222-49F6-8A97-2750F3DB4290}.Release|x86.ActiveCfg = Release|Any CPU
		{18F96DEF-9222-49F6-8A97-2750F3DB4290}.Release|x86.Build.0 = Release|Any CPU
		{37CE1DF7-2A60-4D65-BB16-70245681244D}.Debug|Any CPU.ActiveCfg = Debug|Any CPU
		{37CE1DF7-2A60-4D65-BB16-70245681244D}.Debug|Any CPU.Build.0 = Debug|Any CPU
		{37CE1DF7-2A60-4D65-BB16-70245681244D}.Debug|x86.ActiveCfg = Debug|Any CPU
		{37CE1DF7-2A60-4D65-BB16-70245681244D}.Debug|x86.Build.0 = Debug|Any CPU
		{37CE1DF7-2A60-4D65-BB16-70245681244D}.Release|Any CPU.ActiveCfg = Release|Any CPU
		{37CE1DF7-2A60-4D65-BB16-70245681244D}.Release|Any CPU.Build.0 = Release|Any CPU
		{37CE1DF7-2A60-4D65-BB16-70245681244D}.Release|x86.ActiveCfg = Release|Any CPU
		{37CE1DF7-2A60-4D65-BB16-70245681244D}.Release|x86.Build.0 = Release|Any CPU
		{C583852D-9A27-433F-9667-B004C1D7591A}.Debug|Any CPU.ActiveCfg = Debug|Any CPU
		{C583852D-9A27-433F-9667-B004C1D7591A}.Debug|Any CPU.Build.0 = Debug|Any CPU
		{C583852D-9A27-433F-9667-B004C1D7591A}.Debug|x86.ActiveCfg = Debug|Any CPU
		{C583852D-9A27-433F-9667-B004C1D7591A}.Debug|x86.Build.0 = Debug|Any CPU
		{C583852D-9A27-433F-9667-B004C1D7591A}.Release|Any CPU.ActiveCfg = Release|Any CPU
		{C583852D-9A27-433F-9667-B004C1D7591A}.Release|Any CPU.Build.0 = Release|Any CPU
		{C583852D-9A27-433F-9667-B004C1D7591A}.Release|x86.ActiveCfg = Release|Any CPU
		{C583852D-9A27-433F-9667-B004C1D7591A}.Release|x86.Build.0 = Release|Any CPU
		{7CD41B7B-9C2C-40AF-9DD7-860370A3B233}.Debug|Any CPU.ActiveCfg = Debug|Any CPU
		{7CD41B7B-9C2C-40AF-9DD7-860370A3B233}.Debug|Any CPU.Build.0 = Debug|Any CPU
		{7CD41B7B-9C2C-40AF-9DD7-860370A3B233}.Debug|x86.ActiveCfg = Debug|Any CPU
		{7CD41B7B-9C2C-40AF-9DD7-860370A3B233}.Debug|x86.Build.0 = Debug|Any CPU
		{7CD41B7B-9C2C-40AF-9DD7-860370A3B233}.Release|Any CPU.ActiveCfg = Release|Any CPU
		{7CD41B7B-9C2C-40AF-9DD7-860370A3B233}.Release|Any CPU.Build.0 = Release|Any CPU
		{7CD41B7B-9C2C-40AF-9DD7-860370A3B233}.Release|x86.ActiveCfg = Release|Any CPU
		{7CD41B7B-9C2C-40AF-9DD7-860370A3B233}.Release|x86.Build.0 = Release|Any CPU
		{2C9F18E2-DCF7-425F-A90A-179C5029230E}.Debug|Any CPU.ActiveCfg = Debug|Any CPU
		{2C9F18E2-DCF7-425F-A90A-179C5029230E}.Debug|Any CPU.Build.0 = Debug|Any CPU
		{2C9F18E2-DCF7-425F-A90A-179C5029230E}.Debug|x86.ActiveCfg = Debug|Any CPU
		{2C9F18E2-DCF7-425F-A90A-179C5029230E}.Debug|x86.Build.0 = Debug|Any CPU
		{2C9F18E2-DCF7-425F-A90A-179C5029230E}.Release|Any CPU.ActiveCfg = Release|Any CPU
		{2C9F18E2-DCF7-425F-A90A-179C5029230E}.Release|Any CPU.Build.0 = Release|Any CPU
		{2C9F18E2-DCF7-425F-A90A-179C5029230E}.Release|x86.ActiveCfg = Release|Any CPU
		{2C9F18E2-DCF7-425F-A90A-179C5029230E}.Release|x86.Build.0 = Release|Any CPU
		{053A0350-F33F-4FB4-A93D-C7B02EF680DB}.Debug|Any CPU.ActiveCfg = Debug|Any CPU
		{053A0350-F33F-4FB4-A93D-C7B02EF680DB}.Debug|Any CPU.Build.0 = Debug|Any CPU
		{053A0350-F33F-4FB4-A93D-C7B02EF680DB}.Debug|x86.ActiveCfg = Debug|Any CPU
		{053A0350-F33F-4FB4-A93D-C7B02EF680DB}.Debug|x86.Build.0 = Debug|Any CPU
		{053A0350-F33F-4FB4-A93D-C7B02EF680DB}.Release|Any CPU.ActiveCfg = Release|Any CPU
		{053A0350-F33F-4FB4-A93D-C7B02EF680DB}.Release|Any CPU.Build.0 = Release|Any CPU
		{053A0350-F33F-4FB4-A93D-C7B02EF680DB}.Release|x86.ActiveCfg = Release|Any CPU
		{053A0350-F33F-4FB4-A93D-C7B02EF680DB}.Release|x86.Build.0 = Release|Any CPU
		{8D6FF30E-E2BC-41C3-9720-C391C8B2D0A4}.Debug|Any CPU.ActiveCfg = Debug|Any CPU
		{8D6FF30E-E2BC-41C3-9720-C391C8B2D0A4}.Debug|Any CPU.Build.0 = Debug|Any CPU
		{8D6FF30E-E2BC-41C3-9720-C391C8B2D0A4}.Debug|x86.ActiveCfg = Debug|Any CPU
		{8D6FF30E-E2BC-41C3-9720-C391C8B2D0A4}.Debug|x86.Build.0 = Debug|Any CPU
		{8D6FF30E-E2BC-41C3-9720-C391C8B2D0A4}.Release|Any CPU.ActiveCfg = Release|Any CPU
		{8D6FF30E-E2BC-41C3-9720-C391C8B2D0A4}.Release|Any CPU.Build.0 = Release|Any CPU
		{8D6FF30E-E2BC-41C3-9720-C391C8B2D0A4}.Release|x86.ActiveCfg = Release|Any CPU
		{8D6FF30E-E2BC-41C3-9720-C391C8B2D0A4}.Release|x86.Build.0 = Release|Any CPU
		{7BCE8CC6-236E-43F5-AC64-5E399A67D9E4}.Debug|Any CPU.ActiveCfg = Debug|Any CPU
		{7BCE8CC6-236E-43F5-AC64-5E399A67D9E4}.Debug|Any CPU.Build.0 = Debug|Any CPU
		{7BCE8CC6-236E-43F5-AC64-5E399A67D9E4}.Debug|x86.ActiveCfg = Debug|Any CPU
		{7BCE8CC6-236E-43F5-AC64-5E399A67D9E4}.Debug|x86.Build.0 = Debug|Any CPU
		{7BCE8CC6-236E-43F5-AC64-5E399A67D9E4}.Release|Any CPU.ActiveCfg = Release|Any CPU
		{7BCE8CC6-236E-43F5-AC64-5E399A67D9E4}.Release|Any CPU.Build.0 = Release|Any CPU
		{7BCE8CC6-236E-43F5-AC64-5E399A67D9E4}.Release|x86.ActiveCfg = Release|Any CPU
		{7BCE8CC6-236E-43F5-AC64-5E399A67D9E4}.Release|x86.Build.0 = Release|Any CPU
	EndGlobalSection
	GlobalSection(SolutionProperties) = preSolution
		HideSolutionNode = FALSE
	EndGlobalSection
	GlobalSection(NestedProjects) = preSolution
		{E2EFCE5C-6724-40E0-A0F4-E8819D4D4A96} = {8BD9CFFD-1FD2-4A96-AC90-6AF38648AD94}
		{6E86AEBE-45A1-43B7-B769-9CC589932978} = {E2EFCE5C-6724-40E0-A0F4-E8819D4D4A96}
		{FBA4EC06-30BF-499A-AC99-E2AB0F2C09E7} = {8BD9CFFD-1FD2-4A96-AC90-6AF38648AD94}
		{617DBF88-D0D9-4E99-985A-26D8C5870543} = {FBA4EC06-30BF-499A-AC99-E2AB0F2C09E7}
		{9B62D392-DFB2-42B5-A22C-7B63054CC095} = {8BD9CFFD-1FD2-4A96-AC90-6AF38648AD94}
		{20B2B8B1-16C8-4FE7-9CF8-F43C67AB2AD3} = {183EF4DE-E04A-4DB6-B3D9-503C1A440FB3}
		{2C84893F-A4A7-4E02-8B04-1E2EC360423B} = {183EF4DE-E04A-4DB6-B3D9-503C1A440FB3}
		{18F96DEF-9222-49F6-8A97-2750F3DB4290} = {183EF4DE-E04A-4DB6-B3D9-503C1A440FB3}
		{37CE1DF7-2A60-4D65-BB16-70245681244D} = {6E86AEBE-45A1-43B7-B769-9CC589932978}
		{C583852D-9A27-433F-9667-B004C1D7591A} = {E2EFCE5C-6724-40E0-A0F4-E8819D4D4A96}
		{7CD41B7B-9C2C-40AF-9DD7-860370A3B233} = {FBA4EC06-30BF-499A-AC99-E2AB0F2C09E7}
		{2C9F18E2-DCF7-425F-A90A-179C5029230E} = {617DBF88-D0D9-4E99-985A-26D8C5870543}
		{053A0350-F33F-4FB4-A93D-C7B02EF680DB} = {9B62D392-DFB2-42B5-A22C-7B63054CC095}
		{8D6FF30E-E2BC-41C3-9720-C391C8B2D0A4} = {9B62D392-DFB2-42B5-A22C-7B63054CC095}
		{7BCE8CC6-236E-43F5-AC64-5E399A67D9E4} = {9B62D392-DFB2-42B5-A22C-7B63054CC095}
	EndGlobalSection
	GlobalSection(ExtensibilityGlobals) = postSolution
		SolutionGuid = {BFDFE35A-ABAF-4DEB-8513-78D771910A80}
	EndGlobalSection
EndGlobal
